
Microsoft Visual Studio Solution File, Format Version 12.00
# Visual Studio Version 16
VisualStudioVersion = 16.0.30907.101
MinimumVisualStudioVersion = 10.0.40219.1
Project("{FAE04EC0-301F-11D3-BF4B-00C04F79EFBC}") = "Movies.API", "src/Movies.API\Movies.API.csproj", "{3F9D75F1-1B78-4CF1-9AAC-FE39C16D9AC2}"
EndProject
Project("{FAE04EC0-301F-11D3-BF4B-00C04F79EFBC}") = "IdentityServer", "src/IdentityServer\IdentityServer.csproj", "{0E11F572-2FAD-4731-8C54-99AF3799F1C8}"
EndProject
Global
	GlobalSection(SolutionConfigurationPlatforms) = preSolution
		Debug|Any CPU = Debug|Any CPU
		Release|Any CPU = Release|Any CPU
	EndGlobalSection
	GlobalSection(ProjectConfigurationPlatforms) = postSolution
		{3F9D75F1-1B78-4CF1-9AAC-FE39C16D9AC2}.Debug|Any CPU.ActiveCfg = Debug|Any CPU
		{3F9D75F1-1B78-4CF1-9AAC-FE39C16D9AC2}.Debug|Any CPU.Build.0 = Debug|Any CPU
		{3F9D75F1-1B78-4CF1-9AAC-FE39C16D9AC2}.Release|Any CPU.ActiveCfg = Release|Any CPU
		{3F9D75F1-1B78-4CF1-9AAC-FE39C16D9AC2}.Release|Any CPU.Build.0 = Release|Any CPU
		{0E11F572-2FAD-4731-8C54-99AF3799F1C8}.Debug|Any CPU.ActiveCfg = Debug|Any CPU
		{0E11F572-2FAD-4731-8C54-99AF3799F1C8}.Debug|Any CPU.Build.0 = Debug|Any CPU
		{0E11F572-2FAD-4731-8C54-99AF3799F1C8}.Release|Any CPU.ActiveCfg = Release|Any CPU
		{0E11F572-2FAD-4731-8C54-99AF3799F1C8}.Release|Any CPU.Build.0 = Release|Any CPU
	EndGlobalSection
	GlobalSection(SolutionProperties) = preSolution
		HideSolutionNode = FALSE
	EndGlobalSection
	GlobalSection(ExtensibilityGlobals) = postSolution
		SolutionGuid = {938F4328-C213-4EFF-A738-F0BE39A1A029}
	EndGlobalSection
EndGlobal
